
Microsoft Visual Studio Solution File, Format Version 12.00
# Visual Studio 14
VisualStudioVersion = 14.0.25420.1
MinimumVisualStudioVersion = 10.0.40219.1
Project("{FAE04EC0-301F-11D3-BF4B-00C04F79EFBC}") = "Delivery_Cervice_Logistician", "Delivery_Cervice_Logistician\Delivery_Cervice_Logistician.csproj", "{4894D419-186A-4485-ACD1-DFB0A299E1BB}"
EndProject
Global
	GlobalSection(SolutionConfigurationPlatforms) = preSolution
		Debug|Any CPU = Debug|Any CPU
		Release|Any CPU = Release|Any CPU
	EndGlobalSection
	GlobalSection(ProjectConfigurationPlatforms) = postSolution
		{4894D419-186A-4485-ACD1-DFB0A299E1BB}.Debug|Any CPU.ActiveCfg = Debug|Any CPU
		{4894D419-186A-4485-ACD1-DFB0A299E1BB}.Debug|Any CPU.Build.0 = Debug|Any CPU
		{4894D419-186A-4485-ACD1-DFB0A299E1BB}.Release|Any CPU.ActiveCfg = Release|Any CPU
		{4894D419-186A-4485-ACD1-DFB0A299E1BB}.Release|Any CPU.Build.0 = Release|Any CPU
	EndGlobalSection
	GlobalSection(SolutionProperties) = preSolution
		HideSolutionNode = FALSE
	EndGlobalSection
EndGlobal
